
Microsoft Visual Studio Solution File, Format Version 12.00
# Visual Studio Version 17
VisualStudioVersion = 17.5.002.0
MinimumVisualStudioVersion = 10.0.40219.1
Project("{9A19103F-16F7-4668-BE54-9A1E7A4F7556}") = "hotel", "hotel.csproj", "{C10F24FB-C585-4178-A98F-F80FE316A122}"
EndProject
Global
	GlobalSection(SolutionConfigurationPlatforms) = preSolution
		Debug|Any CPU = Debug|Any CPU
		Release|Any CPU = Release|Any CPU
	EndGlobalSection
	GlobalSection(ProjectConfigurationPlatforms) = postSolution
		{C10F24FB-C585-4178-A98F-F80FE316A122}.Debug|Any CPU.ActiveCfg = Debug|Any CPU
		{C10F24FB-C585-4178-A98F-F80FE316A122}.Debug|Any CPU.Build.0 = Debug|Any CPU
		{C10F24FB-C585-4178-A98F-F80FE316A122}.Release|Any CPU.ActiveCfg = Release|Any CPU
		{C10F24FB-C585-4178-A98F-F80FE316A122}.Release|Any CPU.Build.0 = Release|Any CPU
	EndGlobalSection
	GlobalSection(SolutionProperties) = preSolution
		HideSolutionNode = FALSE
	EndGlobalSection
	GlobalSection(ExtensibilityGlobals) = postSolution
		SolutionGuid = {13AD891D-C5F4-4E08-8613-74E9B602E6D5}
	EndGlobalSection
EndGlobal
